
Microsoft Visual Studio Solution File, Format Version 12.00
# Visual Studio 15
Project("{FAE04EC0-301F-11D3-BF4B-00C04F79EFBC}") = "Evade", "Evade.csproj", "{0EE49A92-E1B1-E834-664C-4F7F20305605}"
EndProject
Project("{FAE04EC0-301F-11D3-BF4B-00C04F79EFBC}") = "Evade.Plugins", "Evade.Plugins.csproj", "{71E57920-54C8-92BD-1421-1BA9130C4CCA}"
EndProject
Project("{FAE04EC0-301F-11D3-BF4B-00C04F79EFBC}") = "Evade.Editor.Plugins", "Evade.Editor.Plugins.csproj", "{9470D698-7B19-34EE-6900-F2DE213A4D05}"
EndProject
Project("{FAE04EC0-301F-11D3-BF4B-00C04F79EFBC}") = "Evade.Editor", "Evade.Editor.csproj", "{1992DEED-676F-E5D2-01A5-9FE19E7BB954}"
EndProject
Global
	GlobalSection(SolutionConfigurationPlatforms) = preSolution
		Debug|Any CPU = Debug|Any CPU
		Release|Any CPU = Release|Any CPU
	EndGlobalSection
	GlobalSection(ProjectConfigurationPlatforms) = postSolution
		{0EE49A92-E1B1-E834-664C-4F7F20305605}.Debug|Any CPU.ActiveCfg = Debug|Any CPU
		{0EE49A92-E1B1-E834-664C-4F7F20305605}.Debug|Any CPU.Build.0 = Debug|Any CPU
		{0EE49A92-E1B1-E834-664C-4F7F20305605}.Release|Any CPU.ActiveCfg = Release|Any CPU
		{0EE49A92-E1B1-E834-664C-4F7F20305605}.Release|Any CPU.Build.0 = Release|Any CPU
		{71E57920-54C8-92BD-1421-1BA9130C4CCA}.Debug|Any CPU.ActiveCfg = Debug|Any CPU
		{71E57920-54C8-92BD-1421-1BA9130C4CCA}.Debug|Any CPU.Build.0 = Debug|Any CPU
		{71E57920-54C8-92BD-1421-1BA9130C4CCA}.Release|Any CPU.ActiveCfg = Release|Any CPU
		{71E57920-54C8-92BD-1421-1BA9130C4CCA}.Release|Any CPU.Build.0 = Release|Any CPU
		{9470D698-7B19-34EE-6900-F2DE213A4D05}.Debug|Any CPU.ActiveCfg = Debug|Any CPU
		{9470D698-7B19-34EE-6900-F2DE213A4D05}.Debug|Any CPU.Build.0 = Debug|Any CPU
		{9470D698-7B19-34EE-6900-F2DE213A4D05}.Release|Any CPU.ActiveCfg = Release|Any CPU
		{9470D698-7B19-34EE-6900-F2DE213A4D05}.Release|Any CPU.Build.0 = Release|Any CPU
		{1992DEED-676F-E5D2-01A5-9FE19E7BB954}.Debug|Any CPU.ActiveCfg = Debug|Any CPU
		{1992DEED-676F-E5D2-01A5-9FE19E7BB954}.Debug|Any CPU.Build.0 = Debug|Any CPU
		{1992DEED-676F-E5D2-01A5-9FE19E7BB954}.Release|Any CPU.ActiveCfg = Release|Any CPU
		{1992DEED-676F-E5D2-01A5-9FE19E7BB954}.Release|Any CPU.Build.0 = Release|Any CPU
	EndGlobalSection
	GlobalSection(SolutionProperties) = preSolution
		HideSolutionNode = FALSE
	EndGlobalSection
EndGlobal
